
Microsoft Visual Studio Solution File, Format Version 12.00
# Visual Studio Version 17
VisualStudioVersion = 17.8.34309.116
MinimumVisualStudioVersion = 10.0.40219.1
Project("{FAE04EC0-301F-11D3-BF4B-00C04F79EFBC}") = "ReactWithCore.Server", "ReactWithCore.Server\ReactWithCore.Server.csproj", "{10091755-8DC6-4C36-94DA-46E6A66BCD1A}"
EndProject
Project("{54A90642-561A-4BB1-A94E-469ADEE60C69}") = "reactwithcore.client", "reactwithcore.client\reactwithcore.client.esproj", "{52563B03-0F62-4A00-8944-2F7D8DE8DC77}"
EndProject
Global
	GlobalSection(SolutionConfigurationPlatforms) = preSolution
		Debug|Any CPU = Debug|Any CPU
		Release|Any CPU = Release|Any CPU
	EndGlobalSection
	GlobalSection(ProjectConfigurationPlatforms) = postSolution
		{10091755-8DC6-4C36-94DA-46E6A66BCD1A}.Debug|Any CPU.ActiveCfg = Debug|Any CPU
		{10091755-8DC6-4C36-94DA-46E6A66BCD1A}.Debug|Any CPU.Build.0 = Debug|Any CPU
		{10091755-8DC6-4C36-94DA-46E6A66BCD1A}.Release|Any CPU.ActiveCfg = Release|Any CPU
		{10091755-8DC6-4C36-94DA-46E6A66BCD1A}.Release|Any CPU.Build.0 = Release|Any CPU
		{52563B03-0F62-4A00-8944-2F7D8DE8DC77}.Debug|Any CPU.ActiveCfg = Debug|Any CPU
		{52563B03-0F62-4A00-8944-2F7D8DE8DC77}.Debug|Any CPU.Build.0 = Debug|Any CPU
		{52563B03-0F62-4A00-8944-2F7D8DE8DC77}.Debug|Any CPU.Deploy.0 = Debug|Any CPU
		{52563B03-0F62-4A00-8944-2F7D8DE8DC77}.Release|Any CPU.ActiveCfg = Release|Any CPU
		{52563B03-0F62-4A00-8944-2F7D8DE8DC77}.Release|Any CPU.Build.0 = Release|Any CPU
		{52563B03-0F62-4A00-8944-2F7D8DE8DC77}.Release|Any CPU.Deploy.0 = Release|Any CPU
	EndGlobalSection
	GlobalSection(SolutionProperties) = preSolution
		HideSolutionNode = FALSE
	EndGlobalSection
	GlobalSection(ExtensibilityGlobals) = postSolution
		SolutionGuid = {6615E690-53D5-4DDE-9317-B81413B5C44F}
	EndGlobalSection
EndGlobal
